{
  "version": 4,
  "terraform_version": "1.12.1",
  "serial": 42,
  "lineage": "37c89536-7dca-7698-baaf-af7e69179194",
  "outputs": {},
  "resources": [
    {
      "mode": "data",
      "type": "google_project",
      "name": "dev_project",
      "provider": "provider[\"registry.terraform.io/hashicorp/google\"]",
      "instances": [
        {
          "schema_version": 0,
          "attributes": {
            "auto_create_network": null,
            "billing_account": "0180C2-2AC747-9E86C9",
            "deletion_policy": "PREVENT",
            "effective_labels": {},
            "folder_id": null,
            "id": "projects/dummy-agentic",
            "labels": {},
            "name": "Dummy Agentic",
            "number": "754769876800",
            "org_id": null,
            "project_id": "dummy-agentic",
            "tags": null,
            "terraform_labels": {}
          },
          "sensitive_attributes": [],
          "identity_schema_version": 0
        }
      ]
    },
    {
      "mode": "managed",
      "type": "google_bigquery_dataset",
      "name": "feedback_dataset",
      "provider": "provider[\"registry.terraform.io/hashicorp/google\"]",
      "instances": [
        {
          "schema_version": 0,
          "attributes": {
            "access": [
              {
                "condition": [],
                "dataset": [],
                "domain": "",
                "group_by_email": "",
                "iam_member": "",
                "role": "OWNER",
                "routine": [],
                "special_group": "",
                "user_by_email": "standardusermode@gmail.com",
                "view": []
              },
              {
                "condition": [],
                "dataset": [],
                "domain": "",
                "group_by_email": "",
                "iam_member": "",
                "role": "OWNER",
                "routine": [],
                "special_group": "projectOwners",
                "user_by_email": "",
                "view": []
              },
              {
                "condition": [],
                "dataset": [],
                "domain": "",
                "group_by_email": "",
                "iam_member": "",
                "role": "READER",
                "routine": [],
                "special_group": "projectReaders",
                "user_by_email": "",
                "view": []
              },
              {
                "condition": [],
                "dataset": [],
                "domain": "",
                "group_by_email": "",
                "iam_member": "",
                "role": "WRITER",
                "routine": [],
                "special_group": "projectWriters",
                "user_by_email": "",
                "view": []
              }
            ],
            "creation_time": 1749565617523,
            "dataset_id": "dummy_agent_feedback",
            "default_collation": "",
            "default_encryption_configuration": [],
            "default_partition_expiration_ms": 0,
            "default_table_expiration_ms": 0,
            "delete_contents_on_destroy": false,
            "description": "",
            "effective_labels": {
              "goog-terraform-provisioned": "true"
            },
            "etag": "5+BzymLRMm4Xz1lo2ZjRrw==",
            "external_catalog_dataset_options": [],
            "external_dataset_reference": [],
            "friendly_name": "dummy-agent_feedback",
            "id": "projects/dummy-agentic/datasets/dummy_agent_feedback",
            "is_case_insensitive": false,
            "labels": null,
            "last_modified_time": 1749565617523,
            "location": "us-central1",
            "max_time_travel_hours": "168",
            "project": "dummy-agentic",
            "resource_tags": null,
            "self_link": "https://bigquery.googleapis.com/bigquery/v2/projects/dummy-agentic/datasets/dummy_agent_feedback",
            "storage_billing_model": "",
            "terraform_labels": {
              "goog-terraform-provisioned": "true"
            },
            "timeouts": null
          },
          "sensitive_attributes": [],
          "identity_schema_version": 0,
          "private": "eyJlMmJmYjczMC1lY2FhLTExZTYtOGY4OC0zNDM2M2JjN2M0YzAiOnsiY3JlYXRlIjoxMjAwMDAwMDAwMDAwLCJkZWxldGUiOjEyMDAwMDAwMDAwMDAsInVwZGF0ZSI6MTIwMDAwMDAwMDAwMH19",
          "dependencies": [
            "google_project_service.services"
          ]
        }
      ]
    },
    {
      "mode": "managed",
      "type": "google_bigquery_dataset",
      "name": "telemetry_logs_dataset",
      "provider": "provider[\"registry.terraform.io/hashicorp/google\"]",
      "instances": [
        {
          "schema_version": 0,
          "attributes": {
            "access": [
              {
                "condition": [],
                "dataset": [],
                "domain": "",
                "group_by_email": "",
                "iam_member": "",
                "role": "OWNER",
                "routine": [],
                "special_group": "",
                "user_by_email": "standardusermode@gmail.com",
                "view": []
              },
              {
                "condition": [],
                "dataset": [],
                "domain": "",
                "group_by_email": "",
                "iam_member": "",
                "role": "OWNER",
                "routine": [],
                "special_group": "projectOwners",
                "user_by_email": "",
                "view": []
              },
              {
                "condition": [],
                "dataset": [],
                "domain": "",
                "group_by_email": "",
                "iam_member": "",
                "role": "READER",
                "routine": [],
                "special_group": "projectReaders",
                "user_by_email": "",
                "view": []
              },
              {
                "condition": [],
                "dataset": [],
                "domain": "",
                "group_by_email": "",
                "iam_member": "",
                "role": "WRITER",
                "routine": [],
                "special_group": "projectWriters",
                "user_by_email": "",
                "view": []
              }
            ],
            "creation_time": 1749565617624,
            "dataset_id": "dummy_agent_telemetry",
            "default_collation": "",
            "default_encryption_configuration": [],
            "default_partition_expiration_ms": 0,
            "default_table_expiration_ms": 0,
            "delete_contents_on_destroy": false,
            "description": "",
            "effective_labels": {
              "goog-terraform-provisioned": "true"
            },
            "etag": "V/GownTrvmpje2a8GLKPDw==",
            "external_catalog_dataset_options": [],
            "external_dataset_reference": [],
            "friendly_name": "dummy-agent_telemetry",
            "id": "projects/dummy-agentic/datasets/dummy_agent_telemetry",
            "is_case_insensitive": false,
            "labels": null,
            "last_modified_time": 1749565617624,
            "location": "us-central1",
            "max_time_travel_hours": "168",
            "project": "dummy-agentic",
            "resource_tags": null,
            "self_link": "https://bigquery.googleapis.com/bigquery/v2/projects/dummy-agentic/datasets/dummy_agent_telemetry",
            "storage_billing_model": "",
            "terraform_labels": {
              "goog-terraform-provisioned": "true"
            },
            "timeouts": null
          },
          "sensitive_attributes": [],
          "identity_schema_version": 0,
          "private": "eyJlMmJmYjczMC1lY2FhLTExZTYtOGY4OC0zNDM2M2JjN2M0YzAiOnsiY3JlYXRlIjoxMjAwMDAwMDAwMDAwLCJkZWxldGUiOjEyMDAwMDAwMDAwMDAsInVwZGF0ZSI6MTIwMDAwMDAwMDAwMH19",
          "dependencies": [
            "google_project_service.services"
          ]
        }
      ]
    },
    {
      "mode": "managed",
      "type": "google_project_iam_member",
      "name": "bigquery_data_editor",
      "provider": "provider[\"registry.terraform.io/hashicorp/google\"]",
      "instances": [
        {
          "schema_version": 0,
          "attributes": {
            "condition": [],
            "etag": "BwY3OH9KQpc=",
            "id": "dummy-agentic/roles/bigquery.dataEditor/serviceAccount:service-754769876800@gcp-sa-logging.iam.gserviceaccount.com",
            "member": "serviceAccount:service-754769876800@gcp-sa-logging.iam.gserviceaccount.com",
            "project": "dummy-agentic",
            "role": "roles/bigquery.dataEditor"
          },
          "sensitive_attributes": [],
          "identity_schema_version": 0,
          "private": "bnVsbA==",
          "dependencies": [
            "google_bigquery_dataset.telemetry_logs_dataset",
            "google_project_service.services",
            "module.log_export_to_bigquery.google_logging_billing_account_sink.sink",
            "module.log_export_to_bigquery.google_logging_folder_sink.sink",
            "module.log_export_to_bigquery.google_logging_organization_sink.sink",
            "module.log_export_to_bigquery.google_logging_project_sink.sink"
          ]
        }
      ]
    },
    {
      "mode": "managed",
      "type": "google_project_iam_member",
      "name": "default_compute_sa_storage_object_creator",
      "provider": "provider[\"registry.terraform.io/hashicorp/google\"]",
      "instances": [
        {
          "schema_version": 0,
          "attributes": {
            "condition": [],
            "etag": "BwY3OH2Xh3M=",
            "id": "dummy-agentic/roles/cloudbuild.builds.builder/serviceAccount:754769876800-compute@developer.gserviceaccount.com",
            "member": "serviceAccount:754769876800-compute@developer.gserviceaccount.com",
            "project": "dummy-agentic",
            "role": "roles/cloudbuild.builds.builder"
          },
          "sensitive_attributes": [],
          "identity_schema_version": 0,
          "private": "bnVsbA==",
          "dependencies": [
            "data.google_project.dev_project",
            "google_project_service.services"
          ]
        }
      ]
    },
    {
      "mode": "managed",
      "type": "google_project_iam_member",
      "name": "vertex_ai_sa_permissions",
      "provider": "provider[\"registry.terraform.io/hashicorp/google\"]",
      "instances": [
        {
          "index_key": "dev,roles/aiplatform.user",
          "schema_version": 0,
          "attributes": {
            "condition": [],
            "etag": "BwY3OH3gm5c=",
            "id": "dummy-agentic/roles/aiplatform.user/serviceAccount:service-754769876800@gcp-sa-aiplatform.iam.gserviceaccount.com",
            "member": "serviceAccount:service-754769876800@gcp-sa-aiplatform.iam.gserviceaccount.com",
            "project": "dummy-agentic",
            "role": "roles/aiplatform.user"
          },
          "sensitive_attributes": [],
          "identity_schema_version": 0,
          "private": "bnVsbA==",
          "dependencies": [
            "google_project_service.services",
            "google_project_service_identity.vertex_sa"
          ]
        },
        {
          "index_key": "dev,roles/cloudtrace.agent",
          "schema_version": 0,
          "attributes": {
            "condition": [],
            "etag": "BwY3OH3gm5c=",
            "id": "dummy-agentic/roles/cloudtrace.agent/serviceAccount:service-754769876800@gcp-sa-aiplatform.iam.gserviceaccount.com",
            "member": "serviceAccount:service-754769876800@gcp-sa-aiplatform.iam.gserviceaccount.com",
            "project": "dummy-agentic",
            "role": "roles/cloudtrace.agent"
          },
          "sensitive_attributes": [],
          "identity_schema_version": 0,
          "private": "bnVsbA==",
          "dependencies": [
            "google_project_service.services",
            "google_project_service_identity.vertex_sa"
          ]
        },
        {
          "index_key": "dev,roles/discoveryengine.editor",
          "schema_version": 0,
          "attributes": {
            "condition": [],
            "etag": "BwY3OH3gm5c=",
            "id": "dummy-agentic/roles/discoveryengine.editor/serviceAccount:service-754769876800@gcp-sa-aiplatform.iam.gserviceaccount.com",
            "member": "serviceAccount:service-754769876800@gcp-sa-aiplatform.iam.gserviceaccount.com",
            "project": "dummy-agentic",
            "role": "roles/discoveryengine.editor"
          },
          "sensitive_attributes": [],
          "identity_schema_version": 0,
          "private": "bnVsbA==",
          "dependencies": [
            "google_project_service.services",
            "google_project_service_identity.vertex_sa"
          ]
        },
        {
          "index_key": "dev,roles/logging.logWriter",
          "schema_version": 0,
          "attributes": {
            "condition": [],
            "etag": "BwY3OH3gm5c=",
            "id": "dummy-agentic/roles/logging.logWriter/serviceAccount:service-754769876800@gcp-sa-aiplatform.iam.gserviceaccount.com",
            "member": "serviceAccount:service-754769876800@gcp-sa-aiplatform.iam.gserviceaccount.com",
            "project": "dummy-agentic",
            "role": "roles/logging.logWriter"
          },
          "sensitive_attributes": [],
          "identity_schema_version": 0,
          "private": "bnVsbA==",
          "dependencies": [
            "google_project_service.services",
            "google_project_service_identity.vertex_sa"
          ]
        },
        {
          "index_key": "dev,roles/storage.admin",
          "schema_version": 0,
          "attributes": {
            "condition": [],
            "etag": "BwY3OH5ygUE=",
            "id": "dummy-agentic/roles/storage.admin/serviceAccount:service-754769876800@gcp-sa-aiplatform.iam.gserviceaccount.com",
            "member": "serviceAccount:service-754769876800@gcp-sa-aiplatform.iam.gserviceaccount.com",
            "project": "dummy-agentic",
            "role": "roles/storage.admin"
          },
          "sensitive_attributes": [],
          "identity_schema_version": 0,
          "private": "bnVsbA==",
          "dependencies": [
            "google_project_service.services",
            "google_project_service_identity.vertex_sa"
          ]
        }
      ]
    },
    {
      "mode": "managed",
      "type": "google_project_iam_member",
      "name": "vertexai_pipeline_sa_roles",
      "provider": "provider[\"registry.terraform.io/hashicorp/google\"]",
      "instances": [
        {
          "index_key": "dev,roles/aiplatform.user",
          "schema_version": 0,
          "attributes": {
            "condition": [],
            "etag": "BwY3OH+/lVE=",
            "id": "dummy-agentic/roles/aiplatform.user/serviceAccount:dummy-agent-rag@dummy-agentic.iam.gserviceaccount.com",
            "member": "serviceAccount:dummy-agent-rag@dummy-agentic.iam.gserviceaccount.com",
            "project": "dummy-agentic",
            "role": "roles/aiplatform.user"
          },
          "sensitive_attributes": [],
          "identity_schema_version": 0,
          "private": "bnVsbA==",
          "dependencies": [
            "google_project_service.services",
            "google_service_account.vertexai_pipeline_app_sa"
          ]
        },
        {
          "index_key": "dev,roles/artifactregistry.writer",
          "schema_version": 0,
          "attributes": {
            "condition": [],
            "etag": "BwY3OID1thA=",
            "id": "dummy-agentic/roles/artifactregistry.writer/serviceAccount:dummy-agent-rag@dummy-agentic.iam.gserviceaccount.com",
            "member": "serviceAccount:dummy-agent-rag@dummy-agentic.iam.gserviceaccount.com",
            "project": "dummy-agentic",
            "role": "roles/artifactregistry.writer"
          },
          "sensitive_attributes": [],
          "identity_schema_version": 0,
          "private": "bnVsbA==",
          "dependencies": [
            "google_project_service.services",
            "google_service_account.vertexai_pipeline_app_sa"
          ]
        },
        {
          "index_key": "dev,roles/bigquery.connectionAdmin",
          "schema_version": 0,
          "attributes": {
            "condition": [],
            "etag": "BwY3OID1thA=",
            "id": "dummy-agentic/roles/bigquery.connectionAdmin/serviceAccount:dummy-agent-rag@dummy-agentic.iam.gserviceaccount.com",
            "member": "serviceAccount:dummy-agent-rag@dummy-agentic.iam.gserviceaccount.com",
            "project": "dummy-agentic",
            "role": "roles/bigquery.connectionAdmin"
          },
          "sensitive_attributes": [],
          "identity_schema_version": 0,
          "private": "bnVsbA==",
          "dependencies": [
            "google_project_service.services",
            "google_service_account.vertexai_pipeline_app_sa"
          ]
        },
        {
          "index_key": "dev,roles/bigquery.dataEditor",
          "schema_version": 0,
          "attributes": {
            "condition": [],
            "etag": "BwY3OH+/lVE=",
            "id": "dummy-agentic/roles/bigquery.dataEditor/serviceAccount:dummy-agent-rag@dummy-agentic.iam.gserviceaccount.com",
            "member": "serviceAccount:dummy-agent-rag@dummy-agentic.iam.gserviceaccount.com",
            "project": "dummy-agentic",
            "role": "roles/bigquery.dataEditor"
          },
          "sensitive_attributes": [],
          "identity_schema_version": 0,
          "private": "bnVsbA==",
          "dependencies": [
            "google_project_service.services",
            "google_service_account.vertexai_pipeline_app_sa"
          ]
        },
        {
          "index_key": "dev,roles/bigquery.jobUser",
          "schema_version": 0,
          "attributes": {
            "condition": [],
            "etag": "BwY3OH+/lVE=",
            "id": "dummy-agentic/roles/bigquery.jobUser/serviceAccount:dummy-agent-rag@dummy-agentic.iam.gserviceaccount.com",
            "member": "serviceAccount:dummy-agent-rag@dummy-agentic.iam.gserviceaccount.com",
            "project": "dummy-agentic",
            "role": "roles/bigquery.jobUser"
          },
          "sensitive_attributes": [],
          "identity_schema_version": 0,
          "private": "bnVsbA==",
          "dependencies": [
            "google_project_service.services",
            "google_service_account.vertexai_pipeline_app_sa"
          ]
        },
        {
          "index_key": "dev,roles/bigquery.readSessionUser",
          "schema_version": 0,
          "attributes": {
            "condition": [],
            "etag": "BwY3OH+/lVE=",
            "id": "dummy-agentic/roles/bigquery.readSessionUser/serviceAccount:dummy-agent-rag@dummy-agentic.iam.gserviceaccount.com",
            "member": "serviceAccount:dummy-agent-rag@dummy-agentic.iam.gserviceaccount.com",
            "project": "dummy-agentic",
            "role": "roles/bigquery.readSessionUser"
          },
          "sensitive_attributes": [],
          "identity_schema_version": 0,
          "private": "bnVsbA==",
          "dependencies": [
            "google_project_service.services",
            "google_service_account.vertexai_pipeline_app_sa"
          ]
        },
        {
          "index_key": "dev,roles/discoveryengine.admin",
          "schema_version": 0,
          "attributes": {
            "condition": [],
            "etag": "BwY3OH+/lVE=",
            "id": "dummy-agentic/roles/discoveryengine.admin/serviceAccount:dummy-agent-rag@dummy-agentic.iam.gserviceaccount.com",
            "member": "serviceAccount:dummy-agent-rag@dummy-agentic.iam.gserviceaccount.com",
            "project": "dummy-agentic",
            "role": "roles/discoveryengine.admin"
          },
          "sensitive_attributes": [],
          "identity_schema_version": 0,
          "private": "bnVsbA==",
          "dependencies": [
            "google_project_service.services",
            "google_service_account.vertexai_pipeline_app_sa"
          ]
        },
        {
          "index_key": "dev,roles/logging.logWriter",
          "schema_version": 0,
          "attributes": {
            "condition": [],
            "etag": "BwY3OH+/lVE=",
            "id": "dummy-agentic/roles/logging.logWriter/serviceAccount:dummy-agent-rag@dummy-agentic.iam.gserviceaccount.com",
            "member": "serviceAccount:dummy-agent-rag@dummy-agentic.iam.gserviceaccount.com",
            "project": "dummy-agentic",
            "role": "roles/logging.logWriter"
          },
          "sensitive_attributes": [],
          "identity_schema_version": 0,
          "private": "bnVsbA==",
          "dependencies": [
            "google_project_service.services",
            "google_service_account.vertexai_pipeline_app_sa"
          ]
        },
        {
          "index_key": "dev,roles/resourcemanager.projectIamAdmin",
          "schema_version": 0,
          "attributes": {
            "condition": [],
            "etag": "BwY3OID1thA=",
            "id": "dummy-agentic/roles/resourcemanager.projectIamAdmin/serviceAccount:dummy-agent-rag@dummy-agentic.iam.gserviceaccount.com",
            "member": "serviceAccount:dummy-agent-rag@dummy-agentic.iam.gserviceaccount.com",
            "project": "dummy-agentic",
            "role": "roles/resourcemanager.projectIamAdmin"
          },
          "sensitive_attributes": [],
          "identity_schema_version": 0,
          "private": "bnVsbA==",
          "dependencies": [
            "google_project_service.services",
            "google_service_account.vertexai_pipeline_app_sa"
          ]
        },
        {
          "index_key": "dev,roles/run.invoker",
          "schema_version": 0,
          "attributes": {
            "condition": [],
            "etag": "BwY3OICA2ys=",
            "id": "dummy-agentic/roles/run.invoker/serviceAccount:dummy-agent-rag@dummy-agentic.iam.gserviceaccount.com",
            "member": "serviceAccount:dummy-agent-rag@dummy-agentic.iam.gserviceaccount.com",
            "project": "dummy-agentic",
            "role": "roles/run.invoker"
          },
          "sensitive_attributes": [],
          "identity_schema_version": 0,
          "private": "bnVsbA==",
          "dependencies": [
            "google_project_service.services",
            "google_service_account.vertexai_pipeline_app_sa"
          ]
        },
        {
          "index_key": "dev,roles/storage.admin",
          "schema_version": 0,
          "attributes": {
            "condition": [],
            "etag": "BwY3OH+/lVE=",
            "id": "dummy-agentic/roles/storage.admin/serviceAccount:dummy-agent-rag@dummy-agentic.iam.gserviceaccount.com",
            "member": "serviceAccount:dummy-agent-rag@dummy-agentic.iam.gserviceaccount.com",
            "project": "dummy-agentic",
            "role": "roles/storage.admin"
          },
          "sensitive_attributes": [],
          "identity_schema_version": 0,
          "private": "bnVsbA==",
          "dependencies": [
            "google_project_service.services",
            "google_service_account.vertexai_pipeline_app_sa"
          ]
        }
      ]
    },
    {
      "mode": "managed",
      "type": "google_project_service",
      "name": "services",
      "provider": "provider[\"registry.terraform.io/hashicorp/google\"]",
      "instances": [
        {
          "index_key": 0,
          "schema_version": 0,
          "attributes": {
            "disable_dependent_services": null,
            "disable_on_destroy": false,
            "id": "dummy-agentic/aiplatform.googleapis.com",
            "project": "dummy-agentic",
            "service": "aiplatform.googleapis.com",
            "timeouts": null
          },
          "sensitive_attributes": [],
          "identity_schema_version": 0,
          "private": "eyJlMmJmYjczMC1lY2FhLTExZTYtOGY4OC0zNDM2M2JjN2M0YzAiOnsiY3JlYXRlIjoxMjAwMDAwMDAwMDAwLCJkZWxldGUiOjEyMDAwMDAwMDAwMDAsInJlYWQiOjYwMDAwMDAwMDAwMCwidXBkYXRlIjoxMjAwMDAwMDAwMDAwfX0="
        },
        {
          "index_key": 1,
          "schema_version": 0,
          "attributes": {
            "disable_dependent_services": null,
            "disable_on_destroy": false,
            "id": "dummy-agentic/cloudbuild.googleapis.com",
            "project": "dummy-agentic",
            "service": "cloudbuild.googleapis.com",
            "timeouts": null
          },
          "sensitive_attributes": [],
          "identity_schema_version": 0,
          "private": "eyJlMmJmYjczMC1lY2FhLTExZTYtOGY4OC0zNDM2M2JjN2M0YzAiOnsiY3JlYXRlIjoxMjAwMDAwMDAwMDAwLCJkZWxldGUiOjEyMDAwMDAwMDAwMDAsInJlYWQiOjYwMDAwMDAwMDAwMCwidXBkYXRlIjoxMjAwMDAwMDAwMDAwfX0="
        },
        {
          "index_key": 2,
          "schema_version": 0,
          "attributes": {
            "disable_dependent_services": null,
            "disable_on_destroy": false,
            "id": "dummy-agentic/run.googleapis.com",
            "project": "dummy-agentic",
            "service": "run.googleapis.com",
            "timeouts": null
          },
          "sensitive_attributes": [],
          "identity_schema_version": 0,
          "private": "eyJlMmJmYjczMC1lY2FhLTExZTYtOGY4OC0zNDM2M2JjN2M0YzAiOnsiY3JlYXRlIjoxMjAwMDAwMDAwMDAwLCJkZWxldGUiOjEyMDAwMDAwMDAwMDAsInJlYWQiOjYwMDAwMDAwMDAwMCwidXBkYXRlIjoxMjAwMDAwMDAwMDAwfX0="
        },
        {
          "index_key": 3,
          "schema_version": 0,
          "attributes": {
            "disable_dependent_services": null,
            "disable_on_destroy": false,
            "id": "dummy-agentic/bigquery.googleapis.com",
            "project": "dummy-agentic",
            "service": "bigquery.googleapis.com",
            "timeouts": null
          },
          "sensitive_attributes": [],
          "identity_schema_version": 0,
          "private": "eyJlMmJmYjczMC1lY2FhLTExZTYtOGY4OC0zNDM2M2JjN2M0YzAiOnsiY3JlYXRlIjoxMjAwMDAwMDAwMDAwLCJkZWxldGUiOjEyMDAwMDAwMDAwMDAsInJlYWQiOjYwMDAwMDAwMDAwMCwidXBkYXRlIjoxMjAwMDAwMDAwMDAwfX0="
        },
        {
          "index_key": 4,
          "schema_version": 0,
          "attributes": {
            "disable_dependent_services": null,
            "disable_on_destroy": false,
            "id": "dummy-agentic/discoveryengine.googleapis.com",
            "project": "dummy-agentic",
            "service": "discoveryengine.googleapis.com",
            "timeouts": null
          },
          "sensitive_attributes": [],
          "identity_schema_version": 0,
          "private": "eyJlMmJmYjczMC1lY2FhLTExZTYtOGY4OC0zNDM2M2JjN2M0YzAiOnsiY3JlYXRlIjoxMjAwMDAwMDAwMDAwLCJkZWxldGUiOjEyMDAwMDAwMDAwMDAsInJlYWQiOjYwMDAwMDAwMDAwMCwidXBkYXRlIjoxMjAwMDAwMDAwMDAwfX0="
        },
        {
          "index_key": 5,
          "schema_version": 0,
          "attributes": {
            "disable_dependent_services": null,
            "disable_on_destroy": false,
            "id": "dummy-agentic/cloudresourcemanager.googleapis.com",
            "project": "dummy-agentic",
            "service": "cloudresourcemanager.googleapis.com",
            "timeouts": null
          },
          "sensitive_attributes": [],
          "identity_schema_version": 0,
          "private": "eyJlMmJmYjczMC1lY2FhLTExZTYtOGY4OC0zNDM2M2JjN2M0YzAiOnsiY3JlYXRlIjoxMjAwMDAwMDAwMDAwLCJkZWxldGUiOjEyMDAwMDAwMDAwMDAsInJlYWQiOjYwMDAwMDAwMDAwMCwidXBkYXRlIjoxMjAwMDAwMDAwMDAwfX0="
        },
        {
          "index_key": 6,
          "schema_version": 0,
          "attributes": {
            "disable_dependent_services": null,
            "disable_on_destroy": false,
            "id": "dummy-agentic/iam.googleapis.com",
            "project": "dummy-agentic",
            "service": "iam.googleapis.com",
            "timeouts": null
          },
          "sensitive_attributes": [],
          "identity_schema_version": 0,
          "private": "eyJlMmJmYjczMC1lY2FhLTExZTYtOGY4OC0zNDM2M2JjN2M0YzAiOnsiY3JlYXRlIjoxMjAwMDAwMDAwMDAwLCJkZWxldGUiOjEyMDAwMDAwMDAwMDAsInJlYWQiOjYwMDAwMDAwMDAwMCwidXBkYXRlIjoxMjAwMDAwMDAwMDAwfX0="
        },
        {
          "index_key": 7,
          "schema_version": 0,
          "attributes": {
            "disable_dependent_services": null,
            "disable_on_destroy": false,
            "id": "dummy-agentic/bigquery.googleapis.com",
            "project": "dummy-agentic",
            "service": "bigquery.googleapis.com",
            "timeouts": null
          },
          "sensitive_attributes": [],
          "identity_schema_version": 0,
          "private": "eyJlMmJmYjczMC1lY2FhLTExZTYtOGY4OC0zNDM2M2JjN2M0YzAiOnsiY3JlYXRlIjoxMjAwMDAwMDAwMDAwLCJkZWxldGUiOjEyMDAwMDAwMDAwMDAsInJlYWQiOjYwMDAwMDAwMDAwMCwidXBkYXRlIjoxMjAwMDAwMDAwMDAwfX0="
        },
        {
          "index_key": 8,
          "schema_version": 0,
          "attributes": {
            "disable_dependent_services": null,
            "disable_on_destroy": false,
            "id": "dummy-agentic/serviceusage.googleapis.com",
            "project": "dummy-agentic",
            "service": "serviceusage.googleapis.com",
            "timeouts": null
          },
          "sensitive_attributes": [],
          "identity_schema_version": 0,
          "private": "eyJlMmJmYjczMC1lY2FhLTExZTYtOGY4OC0zNDM2M2JjN2M0YzAiOnsiY3JlYXRlIjoxMjAwMDAwMDAwMDAwLCJkZWxldGUiOjEyMDAwMDAwMDAwMDAsInJlYWQiOjYwMDAwMDAwMDAwMCwidXBkYXRlIjoxMjAwMDAwMDAwMDAwfX0="
        },
        {
          "index_key": 9,
          "schema_version": 0,
          "attributes": {
            "disable_dependent_services": null,
            "disable_on_destroy": false,
            "id": "dummy-agentic/logging.googleapis.com",
            "project": "dummy-agentic",
            "service": "logging.googleapis.com",
            "timeouts": null
          },
          "sensitive_attributes": [],
          "identity_schema_version": 0,
          "private": "eyJlMmJmYjczMC1lY2FhLTExZTYtOGY4OC0zNDM2M2JjN2M0YzAiOnsiY3JlYXRlIjoxMjAwMDAwMDAwMDAwLCJkZWxldGUiOjEyMDAwMDAwMDAwMDAsInJlYWQiOjYwMDAwMDAwMDAwMCwidXBkYXRlIjoxMjAwMDAwMDAwMDAwfX0="
        },
        {
          "index_key": 10,
          "schema_version": 0,
          "attributes": {
            "disable_dependent_services": null,
            "disable_on_destroy": false,
            "id": "dummy-agentic/cloudtrace.googleapis.com",
            "project": "dummy-agentic",
            "service": "cloudtrace.googleapis.com",
            "timeouts": null
          },
          "sensitive_attributes": [],
          "identity_schema_version": 0,
          "private": "eyJlMmJmYjczMC1lY2FhLTExZTYtOGY4OC0zNDM2M2JjN2M0YzAiOnsiY3JlYXRlIjoxMjAwMDAwMDAwMDAwLCJkZWxldGUiOjEyMDAwMDAwMDAwMDAsInJlYWQiOjYwMDAwMDAwMDAwMCwidXBkYXRlIjoxMjAwMDAwMDAwMDAwfX0="
        }
      ]
    },
    {
      "mode": "managed",
      "type": "google_project_service_identity",
      "name": "vertex_sa",
      "provider": "provider[\"registry.terraform.io/hashicorp/google-beta\"]",
      "instances": [
        {
          "schema_version": 0,
          "attributes": {
            "email": "service-754769876800@gcp-sa-aiplatform.iam.gserviceaccount.com",
            "id": "projects/dummy-agentic/services/aiplatform.googleapis.com",
            "member": "serviceAccount:service-754769876800@gcp-sa-aiplatform.iam.gserviceaccount.com",
            "project": "dummy-agentic",
            "service": "aiplatform.googleapis.com",
            "timeouts": null
          },
          "sensitive_attributes": [],
          "identity_schema_version": 0,
          "private": "eyJlMmJmYjczMC1lY2FhLTExZTYtOGY4OC0zNDM2M2JjN2M0YzAiOnsiY3JlYXRlIjoxMjAwMDAwMDAwMDAwLCJkZWxldGUiOjEyMDAwMDAwMDAwMDAsInJlYWQiOjYwMDAwMDAwMDAwMH19"
        }
      ]
    },
    {
      "mode": "managed",
      "type": "google_service_account",
      "name": "vertexai_pipeline_app_sa",
      "provider": "provider[\"registry.terraform.io/hashicorp/google\"]",
      "instances": [
        {
          "index_key": "dev",
          "schema_version": 0,
          "attributes": {
            "account_id": "dummy-agent-rag",
            "create_ignore_already_exists": null,
            "description": "",
            "disabled": false,
            "display_name": "Vertex AI Pipeline app SA",
            "email": "dummy-agent-rag@dummy-agentic.iam.gserviceaccount.com",
            "id": "projects/dummy-agentic/serviceAccounts/dummy-agent-rag@dummy-agentic.iam.gserviceaccount.com",
            "member": "serviceAccount:dummy-agent-rag@dummy-agentic.iam.gserviceaccount.com",
            "name": "projects/dummy-agentic/serviceAccounts/dummy-agent-rag@dummy-agentic.iam.gserviceaccount.com",
            "project": "dummy-agentic",
            "timeouts": null,
            "unique_id": "100711397049938607755"
          },
          "sensitive_attributes": [],
          "identity_schema_version": 0,
          "private": "eyJlMmJmYjczMC1lY2FhLTExZTYtOGY4OC0zNDM2M2JjN2M0YzAiOnsiY3JlYXRlIjozMDAwMDAwMDAwMDB9fQ==",
          "dependencies": [
            "google_project_service.services"
          ]
        }
      ]
    },
    {
      "mode": "managed",
      "type": "google_storage_bucket",
      "name": "data_ingestion_PIPELINE_GCS_ROOT",
      "provider": "provider[\"registry.terraform.io/hashicorp/google\"]",
      "instances": [
        {
          "schema_version": 3,
          "attributes": {
            "autoclass": [],
            "cors": [],
            "custom_placement_config": [],
            "default_event_based_hold": false,
            "effective_labels": {
              "goog-terraform-provisioned": "true"
            },
            "enable_object_retention": false,
            "encryption": [],
            "force_destroy": true,
            "hierarchical_namespace": [
              {
                "enabled": false
              }
            ],
            "id": "dummy-agentic-dummy-agent-rag",
            "ip_filter": [],
            "labels": null,
            "lifecycle_rule": [],
            "location": "US-CENTRAL1",
            "logging": [],
            "name": "dummy-agentic-dummy-agent-rag",
            "project": "dummy-agentic",
            "project_number": 754769876800,
            "public_access_prevention": "inherited",
            "requester_pays": false,
            "retention_policy": [],
            "rpo": null,
            "self_link": "https://www.googleapis.com/storage/v1/b/dummy-agentic-dummy-agent-rag",
            "soft_delete_policy": [
              {
                "effective_time": "2025-06-10T14:26:58.348Z",
                "retention_duration_seconds": 604800
              }
            ],
            "storage_class": "STANDARD",
            "terraform_labels": {
              "goog-terraform-provisioned": "true"
            },
            "time_created": "2025-06-10T14:26:58.348Z",
            "timeouts": null,
            "uniform_bucket_level_access": true,
            "updated": "2025-06-10T14:26:58.348Z",
            "url": "gs://dummy-agentic-dummy-agent-rag",
            "versioning": [],
            "website": []
          },
          "sensitive_attributes": [],
          "identity_schema_version": 0,
          "private": "eyJlMmJmYjczMC1lY2FhLTExZTYtOGY4OC0zNDM2M2JjN2M0YzAiOnsiY3JlYXRlIjo2MDAwMDAwMDAwMDAsInJlYWQiOjI0MDAwMDAwMDAwMCwidXBkYXRlIjoyNDAwMDAwMDAwMDB9LCJzY2hlbWFfdmVyc2lvbiI6IjMifQ==",
          "dependencies": [
            "google_project_service.services"
          ]
        }
      ]
    },
    {
      "mode": "managed",
      "type": "google_storage_bucket",
      "name": "logs_data_bucket",
      "provider": "provider[\"registry.terraform.io/hashicorp/google\"]",
      "instances": [
        {
          "schema_version": 3,
          "attributes": {
            "autoclass": [],
            "cors": [],
            "custom_placement_config": [],
            "default_event_based_hold": false,
            "effective_labels": {
              "goog-terraform-provisioned": "true"
            },
            "enable_object_retention": false,
            "encryption": [],
            "force_destroy": false,
            "hierarchical_namespace": [
              {
                "enabled": false
              }
            ],
            "id": "dummy-agentic-dummy-agent-logs-data",
            "ip_filter": [],
            "labels": null,
            "lifecycle_rule": [],
            "location": "US-CENTRAL1",
            "logging": [],
            "name": "dummy-agentic-dummy-agent-logs-data",
            "project": "dummy-agentic",
            "project_number": 754769876800,
            "public_access_prevention": "inherited",
            "requester_pays": false,
            "retention_policy": [],
            "rpo": null,
            "self_link": "https://www.googleapis.com/storage/v1/b/dummy-agentic-dummy-agent-logs-data",
            "soft_delete_policy": [
              {
                "effective_time": "2025-06-10T14:26:58.246Z",
                "retention_duration_seconds": 604800
              }
            ],
            "storage_class": "STANDARD",
            "terraform_labels": {
              "goog-terraform-provisioned": "true"
            },
            "time_created": "2025-06-10T14:26:58.246Z",
            "timeouts": null,
            "uniform_bucket_level_access": true,
            "updated": "2025-06-10T14:26:58.246Z",
            "url": "gs://dummy-agentic-dummy-agent-logs-data",
            "versioning": [],
            "website": []
          },
          "sensitive_attributes": [],
          "identity_schema_version": 0,
          "private": "eyJlMmJmYjczMC1lY2FhLTExZTYtOGY4OC0zNDM2M2JjN2M0YzAiOnsiY3JlYXRlIjo2MDAwMDAwMDAwMDAsInJlYWQiOjI0MDAwMDAwMDAwMCwidXBkYXRlIjoyNDAwMDAwMDAwMDB9LCJzY2hlbWFfdmVyc2lvbiI6IjMifQ==",
          "dependencies": [
            "google_project_service.services"
          ]
        }
      ]
    },
    {
      "mode": "managed",
      "type": "google_storage_bucket",
      "name": "vector_search_data_bucket",
      "provider": "provider[\"registry.terraform.io/hashicorp/google\"]",
      "instances": [
        {
          "schema_version": 3,
          "attributes": {
            "autoclass": [],
            "cors": [],
            "custom_placement_config": [],
            "default_event_based_hold": false,
            "effective_labels": {
              "goog-terraform-provisioned": "true"
            },
            "enable_object_retention": false,
            "encryption": [],
            "force_destroy": true,
            "hierarchical_namespace": [
              {
                "enabled": false
              }
            ],
            "id": "dummy-agentic-dummy-agent-vs",
            "ip_filter": [],
            "labels": null,
            "lifecycle_rule": [],
            "location": "US-CENTRAL1",
            "logging": [],
            "name": "dummy-agentic-dummy-agent-vs",
            "project": "dummy-agentic",
            "project_number": 754769876800,
            "public_access_prevention": "inherited",
            "requester_pays": false,
            "retention_policy": [],
            "rpo": null,
            "self_link": "https://www.googleapis.com/storage/v1/b/dummy-agentic-dummy-agent-vs",
            "soft_delete_policy": [
              {
                "effective_time": "2025-06-10T14:26:58.432Z",
                "retention_duration_seconds": 604800
              }
            ],
            "storage_class": "STANDARD",
            "terraform_labels": {
              "goog-terraform-provisioned": "true"
            },
            "time_created": "2025-06-10T14:26:58.432Z",
            "timeouts": null,
            "uniform_bucket_level_access": true,
            "updated": "2025-06-10T14:26:58.432Z",
            "url": "gs://dummy-agentic-dummy-agent-vs",
            "versioning": [],
            "website": []
          },
          "sensitive_attributes": [],
          "identity_schema_version": 0,
          "private": "eyJlMmJmYjczMC1lY2FhLTExZTYtOGY4OC0zNDM2M2JjN2M0YzAiOnsiY3JlYXRlIjo2MDAwMDAwMDAwMDAsInJlYWQiOjI0MDAwMDAwMDAwMCwidXBkYXRlIjoyNDAwMDAwMDAwMDB9LCJzY2hlbWFfdmVyc2lvbiI6IjMifQ==",
          "dependencies": [
            "google_project_service.services"
          ]
        }
      ]
    },
    {
      "mode": "managed",
      "type": "google_vertex_ai_index",
      "name": "vector_search_index",
      "provider": "provider[\"registry.terraform.io/hashicorp/google\"]",
      "instances": [
        {
          "schema_version": 0,
          "attributes": {
            "create_time": "2025-06-10T14:26:24.146533Z",
            "deployed_indexes": [],
            "description": "vector search index for test",
            "display_name": "dummy-agent-vector-search",
            "effective_labels": {
              "goog-terraform-provisioned": "true"
            },
            "etag": null,
            "id": "projects/dummy-agentic/locations/us-central1/indexes/679588345919045632",
            "index_stats": [
              {
                "shards_count": 1,
                "vectors_count": ""
              }
            ],
            "index_update_method": "STREAM_UPDATE",
            "labels": null,
            "metadata": [
              {
                "config": [
                  {
                    "algorithm_config": [
                      {
                        "brute_force_config": [],
                        "tree_ah_config": [
                          {
                            "leaf_node_embedding_count": 1000,
                            "leaf_nodes_to_search_percent": 10
                          }
                        ]
                      }
                    ],
                    "approximate_neighbors_count": 150,
                    "dimensions": 768,
                    "distance_measure_type": "DOT_PRODUCT_DISTANCE",
                    "feature_norm_type": "NONE",
                    "shard_size": "SHARD_SIZE_SMALL"
                  }
                ],
                "contents_delta_uri": "",
                "is_complete_overwrite": false
              }
            ],
            "metadata_schema_uri": "gs://google-cloud-aiplatform/schema/matchingengine/metadata/nearest_neighbor_search_1.0.0.yaml",
            "name": "679588345919045632",
            "project": "dummy-agentic",
            "region": "us-central1",
            "terraform_labels": {
              "goog-terraform-provisioned": "true"
            },
            "timeouts": null,
            "update_time": "2025-06-10T14:29:35.128806Z"
          },
          "sensitive_attributes": [],
          "identity_schema_version": 0,
          "private": "eyJlMmJmYjczMC1lY2FhLTExZTYtOGY4OC0zNDM2M2JjN2M0YzAiOnsiY3JlYXRlIjoxMDgwMDAwMDAwMDAwMCwiZGVsZXRlIjoxMDgwMDAwMDAwMDAwMCwidXBkYXRlIjoxMDgwMDAwMDAwMDAwMH19"
        }
      ]
    },
    {
      "mode": "managed",
      "type": "google_vertex_ai_index_endpoint",
      "name": "vector_search_index_endpoint",
      "provider": "provider[\"registry.terraform.io/hashicorp/google\"]",
      "instances": [
        {
          "schema_version": 0,
          "attributes": {
            "create_time": "2025-06-10T14:29:43.333002Z",
            "description": "",
            "display_name": "dummy-agent-vector-search-endpoint",
            "effective_labels": {
              "goog-terraform-provisioned": "true"
            },
            "etag": null,
            "id": "projects/dummy-agentic/locations/us-central1/indexEndpoints/2123942004537688064",
            "labels": null,
            "name": "2123942004537688064",
            "network": "",
            "private_service_connect_config": [
              {
                "enable_private_service_connect": false,
                "project_allowlist": []
              }
            ],
            "project": "dummy-agentic",
            "public_endpoint_domain_name": "1769287545.us-central1-754769876800.vdb.vertexai.goog",
            "public_endpoint_enabled": true,
            "region": "us-central1",
            "terraform_labels": {
              "goog-terraform-provisioned": "true"
            },
            "timeouts": null,
            "update_time": "2025-06-10T14:29:45.060741Z"
          },
          "sensitive_attributes": [],
          "identity_schema_version": 0,
          "private": "eyJlMmJmYjczMC1lY2FhLTExZTYtOGY4OC0zNDM2M2JjN2M0YzAiOnsiY3JlYXRlIjoxMjAwMDAwMDAwMDAwLCJkZWxldGUiOjEyMDAwMDAwMDAwMDAsInVwZGF0ZSI6MTIwMDAwMDAwMDAwMH19",
          "dependencies": [
            "google_vertex_ai_index.vector_search_index"
          ]
        }
      ]
    },
    {
      "mode": "managed",
      "type": "google_vertex_ai_index_endpoint_deployed_index",
      "name": "vector_search_index_deployment",
      "provider": "provider[\"registry.terraform.io/hashicorp/google\"]",
      "instances": [
        {
          "schema_version": 0,
          "attributes": {
            "automatic_resources": [],
            "create_time": "2025-06-10T14:29:54.881101Z",
            "dedicated_resources": [
              {
                "machine_spec": [
                  {
                    "machine_type": "e2-standard-2"
                  }
                ],
                "max_replica_count": 1,
                "min_replica_count": 1
              }
            ],
            "deployed_index_auth_config": [],
            "deployed_index_id": "dummy_agent_deployed_index",
            "deployment_group": "default",
            "display_name": "",
            "enable_access_logging": false,
            "id": "projects/dummy-agentic/locations/us-central1/indexEndpoints/2123942004537688064/deployedIndex/dummy_agent_deployed_index",
            "index": "projects/754769876800/locations/us-central1/indexes/679588345919045632",
            "index_endpoint": "projects/dummy-agentic/locations/us-central1/indexEndpoints/2123942004537688064",
            "index_sync_time": "2025-06-10T14:55:38.589536Z",
            "name": "",
            "private_endpoints": [],
            "reserved_ip_ranges": null,
            "timeouts": null
          },
          "sensitive_attributes": [],
          "identity_schema_version": 0,
          "private": "eyJlMmJmYjczMC1lY2FhLTExZTYtOGY4OC0zNDM2M2JjN2M0YzAiOnsiY3JlYXRlIjoyNzAwMDAwMDAwMDAwLCJkZWxldGUiOjEyMDAwMDAwMDAwMDAsInVwZGF0ZSI6MjcwMDAwMDAwMDAwMH19",
          "dependencies": [
            "google_vertex_ai_index.vector_search_index",
            "google_vertex_ai_index_endpoint.vector_search_index_endpoint"
          ]
        }
      ]
    },
    {
      "module": "module.feedback_export_to_bigquery",
      "mode": "managed",
      "type": "google_logging_project_sink",
      "name": "sink",
      "provider": "provider[\"registry.terraform.io/hashicorp/google\"]",
      "instances": [
        {
          "index_key": 0,
          "schema_version": 0,
          "attributes": {
            "bigquery_options": [
              {
                "use_partitioned_tables": true
              }
            ],
            "custom_writer_identity": null,
            "description": "",
            "destination": "bigquery.googleapis.com/projects/dummy-agentic/datasets/dummy_agent_feedback",
            "disabled": false,
            "exclusions": [],
            "filter": "jsonPayload.log_type=\"feedback\" jsonPayload.service_name=\"dummy-agent\"",
            "id": "projects/dummy-agentic/sinks/dummy-agent_feedback",
            "name": "dummy-agent_feedback",
            "project": "dummy-agentic",
            "unique_writer_identity": true,
            "writer_identity": "serviceAccount:service-754769876800@gcp-sa-logging.iam.gserviceaccount.com"
          },
          "sensitive_attributes": [],
          "identity_schema_version": 0,
          "private": "bnVsbA==",
          "dependencies": [
            "google_bigquery_dataset.feedback_dataset",
            "google_project_service.services"
          ]
        }
      ]
    },
    {
      "module": "module.log_export_to_bigquery",
      "mode": "managed",
      "type": "google_logging_project_sink",
      "name": "sink",
      "provider": "provider[\"registry.terraform.io/hashicorp/google\"]",
      "instances": [
        {
          "index_key": 0,
          "schema_version": 0,
          "attributes": {
            "bigquery_options": [
              {
                "use_partitioned_tables": true
              }
            ],
            "custom_writer_identity": null,
            "description": "",
            "destination": "bigquery.googleapis.com/projects/dummy-agentic/datasets/dummy_agent_telemetry",
            "disabled": false,
            "exclusions": [],
            "filter": "labels.service_name=\"dummy-agent\" labels.type=\"agent_telemetry\"",
            "id": "projects/dummy-agentic/sinks/dummy-agent_telemetry",
            "name": "dummy-agent_telemetry",
            "project": "dummy-agentic",
            "unique_writer_identity": true,
            "writer_identity": "serviceAccount:service-754769876800@gcp-sa-logging.iam.gserviceaccount.com"
          },
          "sensitive_attributes": [],
          "identity_schema_version": 0,
          "private": "bnVsbA==",
          "dependencies": [
            "google_bigquery_dataset.telemetry_logs_dataset",
            "google_project_service.services"
          ]
        }
      ]
    }
  ],
  "check_results": null
}
